
Microsoft Visual Studio Solution File, Format Version 12.00
# Visual Studio Version 17
VisualStudioVersion = 17.2.32505.173
MinimumVisualStudioVersion = 10.0.40219.1
Project("{FAE04EC0-301F-11D3-BF4B-00C04F79EFBC}") = "Konusarak Ogren Web Projesi", "Konusarak Ogren Web Projesi\Konusarak Ogren Web Projesi.csproj", "{3A47CB09-C58C-4824-8B63-8A976A4329B6}"
EndProject
Project("{FAE04EC0-301F-11D3-BF4B-00C04F79EFBC}") = "BusinessLayer", "BusinessLayer\BusinessLayer.csproj", "{165D4210-4517-4BF6-991A-895D59F6C811}"
EndProject
Project("{FAE04EC0-301F-11D3-BF4B-00C04F79EFBC}") = "DataAccessLayer", "DataAccessLayer\DataAccessLayer.csproj", "{084521AB-A1D4-4FD2-9074-10F7464E7843}"
EndProject
Project("{FAE04EC0-301F-11D3-BF4B-00C04F79EFBC}") = "EntityLayer", "EntityLayer\EntityLayer.csproj", "{9C358610-634E-4EA8-B31E-0F378D7BA60B}"
EndProject
Global
	GlobalSection(SolutionConfigurationPlatforms) = preSolution
		Debug|Any CPU = Debug|Any CPU
		Release|Any CPU = Release|Any CPU
	EndGlobalSection
	GlobalSection(ProjectConfigurationPlatforms) = postSolution
		{3A47CB09-C58C-4824-8B63-8A976A4329B6}.Debug|Any CPU.ActiveCfg = Debug|Any CPU
		{3A47CB09-C58C-4824-8B63-8A976A4329B6}.Debug|Any CPU.Build.0 = Debug|Any CPU
		{3A47CB09-C58C-4824-8B63-8A976A4329B6}.Release|Any CPU.ActiveCfg = Release|Any CPU
		{3A47CB09-C58C-4824-8B63-8A976A4329B6}.Release|Any CPU.Build.0 = Release|Any CPU
		{165D4210-4517-4BF6-991A-895D59F6C811}.Debug|Any CPU.ActiveCfg = Debug|Any CPU
		{165D4210-4517-4BF6-991A-895D59F6C811}.Debug|Any CPU.Build.0 = Debug|Any CPU
		{165D4210-4517-4BF6-991A-895D59F6C811}.Release|Any CPU.ActiveCfg = Release|Any CPU
		{165D4210-4517-4BF6-991A-895D59F6C811}.Release|Any CPU.Build.0 = Release|Any CPU
		{084521AB-A1D4-4FD2-9074-10F7464E7843}.Debug|Any CPU.ActiveCfg = Debug|Any CPU
		{084521AB-A1D4-4FD2-9074-10F7464E7843}.Debug|Any CPU.Build.0 = Debug|Any CPU
		{084521AB-A1D4-4FD2-9074-10F7464E7843}.Release|Any CPU.ActiveCfg = Release|Any CPU
		{084521AB-A1D4-4FD2-9074-10F7464E7843}.Release|Any CPU.Build.0 = Release|Any CPU
		{9C358610-634E-4EA8-B31E-0F378D7BA60B}.Debug|Any CPU.ActiveCfg = Debug|Any CPU
		{9C358610-634E-4EA8-B31E-0F378D7BA60B}.Debug|Any CPU.Build.0 = Debug|Any CPU
		{9C358610-634E-4EA8-B31E-0F378D7BA60B}.Release|Any CPU.ActiveCfg = Release|Any CPU
		{9C358610-634E-4EA8-B31E-0F378D7BA60B}.Release|Any CPU.Build.0 = Release|Any CPU
	EndGlobalSection
	GlobalSection(SolutionProperties) = preSolution
		HideSolutionNode = FALSE
	EndGlobalSection
	GlobalSection(ExtensibilityGlobals) = postSolution
		SolutionGuid = {EBD21F93-4390-4E34-A019-F74A0CE7E85C}
	EndGlobalSection
EndGlobal
